
Microsoft Visual Studio Solution File, Format Version 12.00
# Visual Studio Version 16
VisualStudioVersion = 16.0.30711.63
MinimumVisualStudioVersion = 10.0.40219.1
Project("{FAE04EC0-301F-11D3-BF4B-00C04F79EFBC}") = "LaTeX", "LaTeX\LaTeX.csproj", "{78784C99-F669-457B-B982-E920A88210EA}"
EndProject
Global
	GlobalSection(SolutionConfigurationPlatforms) = preSolution
		Debug|Any CPU = Debug|Any CPU
		Release|Any CPU = Release|Any CPU
	EndGlobalSection
	GlobalSection(ProjectConfigurationPlatforms) = postSolution
		{78784C99-F669-457B-B982-E920A88210EA}.Debug|Any CPU.ActiveCfg = Debug|Any CPU
		{78784C99-F669-457B-B982-E920A88210EA}.Debug|Any CPU.Build.0 = Debug|Any CPU
		{78784C99-F669-457B-B982-E920A88210EA}.Release|Any CPU.ActiveCfg = Release|Any CPU
		{78784C99-F669-457B-B982-E920A88210EA}.Release|Any CPU.Build.0 = Release|Any CPU
	EndGlobalSection
	GlobalSection(SolutionProperties) = preSolution
		HideSolutionNode = FALSE
	EndGlobalSection
	GlobalSection(ExtensibilityGlobals) = postSolution
		SolutionGuid = {11F4FA03-4FFA-428F-AEFD-5EEB0825A7ED}
	EndGlobalSection
EndGlobal
